{
  "originHash" : "5a7634f469f003456a44ae2a69df850a27fd906d5f7d14e36741e6606609a433",
  "pins" : [
    {
      "identity" : "drops",
      "kind" : "remoteSourceControl",
      "location" : "https://github.com/omaralbeik/Drops.git",
      "state" : {
        "revision" : "a183ee6f79f21c940092a19c2cba756555422371",
        "version" : "1.7.0"
      }
    },
    {
      "identity" : "exytemediapicker",
      "kind" : "remoteSourceControl",
      "location" : "https://github.com/exyte/ExyteMediaPicker.git",
      "state" : {
        "revision" : "4ec0d232721949477c44dc3bb6112689cbf9baac",
        "version" : "2.2.2"
      }
    },
    {
      "identity" : "floatingbutton",
      "kind" : "remoteSourceControl",
      "location" : "https://github.com/exyte/FloatingButton.git",
      "state" : {
        "revision" : "301fba68ed56c68c04af0b40a4eb422518c8eaf8",
        "version" : "1.2.2"
      }
    },
    {
      "identity" : "kingfisher",
      "kind" : "remoteSourceControl",
      "location" : "https://github.com/onevcat/Kingfisher.git",
      "state" : {
        "revision" : "5b92f029fab2cce44386d28588098b5be0824ef5",
        "version" : "7.11.0"
      }
    },
    {
      "identity" : "lottie-ios",
      "kind" : "remoteSourceControl",
      "location" : "https://github.com/airbnb/lottie-ios.git",
      "state" : {
        "revision" : "7fe8b6f697ae7db4bf0df270119592cb5d502848",
        "version" : "4.4.1"
      }
    },
    {
      "identity" : "navigationbarlargetitleitems",
      "kind" : "remoteSourceControl",
      "location" : "https://github.com/markvanwijnen/NavigationBarLargeTitleItems.git",
      "state" : {
        "branch" : "master",
        "revision" : "fcc30c002db356825e5be0c09cca852b4bc51998"
      }
    },
    {
      "identity" : "pagertabstripview",
      "kind" : "remoteSourceControl",
      "location" : "https://github.com/xmartlabs/PagerTabStripView.git",
      "state" : {
        "revision" : "39ec00d2577adf75d82d1c7023c56950b96d2298",
        "version" : "4.0.0"
      }
    },
    {
      "identity" : "swiftui-introspect",
      "kind" : "remoteSourceControl",
      "location" : "https://github.com/siteline/swiftui-introspect",
      "state" : {
        "revision" : "0cd2a5a5895306bc21d54a2254302d24a9a571e4",
        "version" : "1.1.3"
      }
    },
    {
      "identity" : "swiftui-tooltip",
      "kind" : "remoteSourceControl",
      "location" : "https://github.com/quassum/SwiftUI-Tooltip.git",
      "state" : {
        "revision" : "3bef9a21e2bcf1d0f078ddf6731c3c8996f32c3e",
        "version" : "1.4.0"
      }
    }
  ],
  "version" : 3
}
